
Microsoft Visual Studio Solution File, Format Version 12.00
# Visual Studio 2013
VisualStudioVersion = 12.0.40629.0
MinimumVisualStudioVersion = 10.0.40219.1
Project("{FAE04EC0-301F-11D3-BF4B-00C04F79EFBC}") = "Modelo", "Modelo\Modelo.csproj", "{66D4828C-187E-4D40-9D6D-D072610C1F6E}"
EndProject
Project("{FAE04EC0-301F-11D3-BF4B-00C04F79EFBC}") = "WFA", "WFA\WFA.csproj", "{2814C249-154E-439A-9428-9AAD05A0B072}"
EndProject
Global
	GlobalSection(SolutionConfigurationPlatforms) = preSolution
		Debug|Any CPU = Debug|Any CPU
		Release|Any CPU = Release|Any CPU
	EndGlobalSection
	GlobalSection(ProjectConfigurationPlatforms) = postSolution
		{66D4828C-187E-4D40-9D6D-D072610C1F6E}.Debug|Any CPU.ActiveCfg = Debug|Any CPU
		{66D4828C-187E-4D40-9D6D-D072610C1F6E}.Debug|Any CPU.Build.0 = Debug|Any CPU
		{66D4828C-187E-4D40-9D6D-D072610C1F6E}.Release|Any CPU.ActiveCfg = Release|Any CPU
		{66D4828C-187E-4D40-9D6D-D072610C1F6E}.Release|Any CPU.Build.0 = Release|Any CPU
		{2814C249-154E-439A-9428-9AAD05A0B072}.Debug|Any CPU.ActiveCfg = Debug|Any CPU
		{2814C249-154E-439A-9428-9AAD05A0B072}.Debug|Any CPU.Build.0 = Debug|Any CPU
		{2814C249-154E-439A-9428-9AAD05A0B072}.Release|Any CPU.ActiveCfg = Release|Any CPU
		{2814C249-154E-439A-9428-9AAD05A0B072}.Release|Any CPU.Build.0 = Release|Any CPU
	EndGlobalSection
	GlobalSection(SolutionProperties) = preSolution
		HideSolutionNode = FALSE
	EndGlobalSection
EndGlobal
